
Microsoft Visual Studio Solution File, Format Version 12.00
Project("{FAE04EC0-301F-11D3-BF4B-00C04F79EFBC}") = "DotNetRag01", "src\DotNetRag01\DotNetRag01.csproj", "{3EFAA847-5128-4FA0-9B51-C69F0F845683}"
EndProject
Global
	GlobalSection(SolutionConfigurationPlatforms) = preSolution
		Debug|Any CPU = Debug|Any CPU
		Release|Any CPU = Release|Any CPU
	EndGlobalSection
	GlobalSection(ProjectConfigurationPlatforms) = postSolution
		{3EFAA847-5128-4FA0-9B51-C69F0F845683}.Debug|Any CPU.ActiveCfg = Debug|Any CPU
		{3EFAA847-5128-4FA0-9B51-C69F0F845683}.Debug|Any CPU.Build.0 = Debug|Any CPU
		{3EFAA847-5128-4FA0-9B51-C69F0F845683}.Release|Any CPU.ActiveCfg = Release|Any CPU
		{3EFAA847-5128-4FA0-9B51-C69F0F845683}.Release|Any CPU.Build.0 = Release|Any CPU
	EndGlobalSection
EndGlobal
